
Microsoft Visual Studio Solution File, Format Version 12.00
# Visual Studio Version 16
VisualStudioVersion = 16.0.33027.164
MinimumVisualStudioVersion = 10.0.40219.1
Project("{2150E333-8FDC-42A3-9474-1A3956D46DE8}") = "Sample", "Sample", "{91F917DA-1C04-4D1D-8640-9133CC41C1C7}"
EndProject
Project("{FAE04EC0-301F-11D3-BF4B-00C04F79EFBC}") = "ConsoleApp0411", "Sample\ConsoleApp0411\ConsoleApp0411.csproj", "{88B5C0BC-02A2-4E8D-96F0-7B5AD471CA05}"
EndProject
Project("{FAE04EC0-301F-11D3-BF4B-00C04F79EFBC}") = "WindowsFormsApp1", "Sample\WindowsFormsApp1\WindowsFormsApp1.csproj", "{9C49B645-5E3A-4CFA-9976-6A84AC4A3B82}"
EndProject
Project("{FAE04EC0-301F-11D3-BF4B-00C04F79EFBC}") = "BallApp", "Sample\BallApp\BallApp.csproj", "{6E12030E-606E-4949-BFAC-5A5A1F94E75E}"
EndProject
Project("{2150E333-8FDC-42A3-9474-1A3956D46DE8}") = "Chapter01", "Chapter01", "{05769158-15FB-4EB2-9C47-1B9D0417FBFB}"
EndProject
Project("{FAE04EC0-301F-11D3-BF4B-00C04F79EFBC}") = "ProductSample", "Chapter01\Product\ProductSample.csproj", "{30B3724D-8CBF-432F-9562-07D836D0EFFB}"
EndProject
Project("{2150E333-8FDC-42A3-9474-1A3956D46DE8}") = "Chapter02", "Chapter02", "{FBE34CD2-CD0F-428E-84A0-191CD377E189}"
EndProject
Project("{2150E333-8FDC-42A3-9474-1A3956D46DE8}") = "距離換算プログラム", "距離換算プログラム", "{4C2536FF-DE6D-44B2-95F1-CAE38ECFB269}"
EndProject
Project("{FAE04EC0-301F-11D3-BF4B-00C04F79EFBC}") = "DistanceConverter", "Chapter02\距離換算プログラム\DistanceConverter\DistanceConverter.csproj", "{9CC7C3AA-034B-43B0-98FD-C6D3EE3797F6}"
EndProject
Project("{2150E333-8FDC-42A3-9474-1A3956D46DE8}") = "売上集計プログラム", "売上集計プログラム", "{B1C4131C-4728-4E80-850B-40D611E298AE}"
EndProject
Project("{FAE04EC0-301F-11D3-BF4B-00C04F79EFBC}") = "SalesCalculator", "Chapter02\売上集計プログラム\SalesCalculator\SalesCalculator.csproj", "{5CBCD75D-6805-4E92-A5AD-C20FC20EFA8C}"
EndProject
Project("{2150E333-8FDC-42A3-9474-1A3956D46DE8}") = "演習問題", "演習問題", "{A8902DEB-B9FE-4CA1-B85A-2CBC0A56E1C9}"
EndProject
Project("{FAE04EC0-301F-11D3-BF4B-00C04F79EFBC}") = "Exercise01", "Chapter02\演習問題\Exercise01\Exercise01.csproj", "{CA74FB26-2BEB-4DC9-94FC-2E49A208AF7B}"
EndProject
Project("{FAE04EC0-301F-11D3-BF4B-00C04F79EFBC}") = "Exercise02", "Chapter02\演習問題\Exercise02\Exercise02.csproj", "{BE2834C6-EBC9-442D-854F-FB1425B2665D}"
EndProject
Project("{FAE04EC0-301F-11D3-BF4B-00C04F79EFBC}") = "Exercise03", "Chapter02\演習問題\Exercise03\Exercise03.csproj", "{33EB0A7B-7C8A-4F9E-A4D7-1ED46AD3362E}"
EndProject
Project("{2150E333-8FDC-42A3-9474-1A3956D46DE8}") = "Chapter03", "Chapter03", "{31D1DBDF-B44B-4052-AC44-7A475A2481ED}"
EndProject
Project("{FAE04EC0-301F-11D3-BF4B-00C04F79EFBC}") = "Section01", "Chapter03\Section01\Section01.csproj", "{BB8DB885-EB54-4BAB-BF75-2ECBC05E9DAD}"
EndProject
Project("{FAE04EC0-301F-11D3-BF4B-00C04F79EFBC}") = "Section03", "Chapter03\Section03\Section03.csproj", "{62F5F0F5-A622-490E-A47C-CCA2939B8ECB}"
EndProject
Project("{FAE04EC0-301F-11D3-BF4B-00C04F79EFBC}") = "Section04", "Chapter03\Section04\Section04.csproj", "{240460C0-D5D5-4FD5-8CBF-882DAC726495}"
EndProject
Project("{2150E333-8FDC-42A3-9474-1A3956D46DE8}") = "演習問題", "演習問題", "{606481A5-2BC6-462D-951A-4D8954262D0D}"
EndProject
Project("{FAE04EC0-301F-11D3-BF4B-00C04F79EFBC}") = "Exercise01", "Chapter03\演習問題\Exercise01\Exercise01.csproj", "{318FC716-99B0-4CC9-B61B-53F4B701F78B}"
EndProject
Project("{FAE04EC0-301F-11D3-BF4B-00C04F79EFBC}") = "Exercise02", "Chapter03\演習問題\Exercise02\Exercise02.csproj", "{5F5A84A8-DC66-48DB-B2B7-D2D16A133F8A}"
EndProject
Project("{2150E333-8FDC-42A3-9474-1A3956D46DE8}") = "Chapter04", "Chapter04", "{B927E973-CDA4-4C60-8E35-73090BD9B939}"
EndProject
Project("{2150E333-8FDC-42A3-9474-1A3956D46DE8}") = "条件演算子.null合体演算子", "条件演算子.null合体演算子", "{E594DF0A-B941-412F-A637-ED70BD1EEBE1}"
EndProject
Project("{FAE04EC0-301F-11D3-BF4B-00C04F79EFBC}") = "Section04", "Chapter04\条件演算子.null合体演算子\Section04\Section04.csproj", "{1D383076-48A7-4853-B163-099BC1DD13F0}"
EndProject
Project("{2150E333-8FDC-42A3-9474-1A3956D46DE8}") = "TryParse", "TryParse", "{FAF3C44C-5068-48DE-89D8-061CD07C6AB4}"
EndProject
Project("{FAE04EC0-301F-11D3-BF4B-00C04F79EFBC}") = "Section07", "Chapter04\TryParse\Section07\Section07.csproj", "{73305226-69FD-4C3A-8524-6DAE1380EBF1}"
EndProject
Project("{2150E333-8FDC-42A3-9474-1A3956D46DE8}") = "練習問題", "練習問題", "{3495CEE7-2D63-4D87-98D9-54DA97E1CC9B}"
EndProject
Project("{FAE04EC0-301F-11D3-BF4B-00C04F79EFBC}") = "Exercise01", "Chapter04\演習問題\Exercise01\Exercise01.csproj", "{DE6146A9-9668-44BF-B171-C6579E12FF73}"
EndProject
Project("{FAE04EC0-301F-11D3-BF4B-00C04F79EFBC}") = "Exercise02", "Chapter04\演習問題\Exercise02\Exercise02.csproj", "{B2CC3F4C-D168-45FF-BFC5-290332B56493}"
EndProject
Project("{2150E333-8FDC-42A3-9474-1A3956D46DE8}") = "Chapter05", "Chapter05", "{B9B0B839-94C7-42CB-9DF3-9A6656A4FBB8}"
EndProject
Project("{2150E333-8FDC-42A3-9474-1A3956D46DE8}") = "練習問題", "練習問題", "{6EA0E183-7E57-454E-85B6-39078D95F2BD}"
EndProject
Project("{FAE04EC0-301F-11D3-BF4B-00C04F79EFBC}") = "Exercise01", "Chapter05\練習問題\Exercise01\Exercise01.csproj", "{0E6C2109-5769-436A-B1FC-B9C10AF9EF12}"
EndProject
Project("{FAE04EC0-301F-11D3-BF4B-00C04F79EFBC}") = "Exercise02", "Chapter05\練習問題\Exercise02\Exercise02.csproj", "{958F9552-351D-4E91-A107-C6765322FEA8}"
EndProject
Project("{FAE04EC0-301F-11D3-BF4B-00C04F79EFBC}") = "Exercise03", "Chapter05\練習問題\Exercise03\Exercise03.csproj", "{18FF165D-A345-4C19-91E5-19927A31DF77}"
EndProject
Project("{FAE04EC0-301F-11D3-BF4B-00C04F79EFBC}") = "Exercise04", "Chapter05\練習問題\Exercise04\Exercise04.csproj", "{9A24A321-2A90-4B6C-B0EF-2711BE90D49A}"
EndProject
Project("{2150E333-8FDC-42A3-9474-1A3956D46DE8}") = "Chapter06", "Chapter06", "{A87E4509-E231-4101-9FC1-ABEBC939A119}"
EndProject
Project("{FAE04EC0-301F-11D3-BF4B-00C04F79EFBC}") = "Section01", "chapter06\Section01\Section01.csproj", "{C3795984-3E25-4C4D-83D0-CE4B6D8B3223}"
EndProject
Project("{FAE04EC0-301F-11D3-BF4B-00C04F79EFBC}") = "Section02", "chapter06\Section02\Section02.csproj", "{F9C9E1E9-D3C6-4DD2-AE41-5F7D94A9ECD0}"
EndProject
Project("{2150E333-8FDC-42A3-9474-1A3956D46DE8}") = "練習問題", "練習問題", "{B752A7D3-D48D-4E58-9719-63FA6F17A105}"
EndProject
Project("{FAE04EC0-301F-11D3-BF4B-00C04F79EFBC}") = "Exercise01", "chapter06\練習問題\Exercise01\Exercise01.csproj", "{1DEF9F41-5E9E-40F9-8EE6-6FC3C479F6D2}"
EndProject
Project("{FAE04EC0-301F-11D3-BF4B-00C04F79EFBC}") = "Exercise02", "chapter06\練習問題\Exercise02\Exercise02.csproj", "{90685954-7758-423C-95D7-1632451414D2}"
EndProject
Project("{2150E333-8FDC-42A3-9474-1A3956D46DE8}") = "試験01", "試験01", "{A41FD10E-9651-41A3-8339-19F69BDF8E5B}"
EndProject
Project("{FAE04EC0-301F-11D3-BF4B-00C04F79EFBC}") = "Test01", "TestProject\Test01\Test01.csproj", "{2BFACDC3-F44D-4199-8498-F5C3C4AC0335}"
EndProject
Project("{FAE04EC0-301F-11D3-BF4B-00C04F79EFBC}") = "Test02", "TestProject\Test02\Test02.csproj", "{E461C0A8-8900-485C-B520-E929BA33F712}"
EndProject
Project("{2150E333-8FDC-42A3-9474-1A3956D46DE8}") = "Chapter07", "Chapter07", "{2AD4F02A-2D50-4F21-8751-6FFDB4D9676F}"
EndProject
Project("{FAE04EC0-301F-11D3-BF4B-00C04F79EFBC}") = "Section01", "Chapter07\Section01\Section01.csproj", "{AFD97A43-FBE3-43F6-9909-F69ED4E76C30}"
EndProject
Project("{FAE04EC0-301F-11D3-BF4B-00C04F79EFBC}") = "Section02", "Chapter07\Section02\Section02.csproj", "{098A4B1C-3E3E-4717-B5BB-DE28A1E665FB}"
EndProject
Project("{FAE04EC0-301F-11D3-BF4B-00C04F79EFBC}") = "Section03", "Chapter07\Section03\Section03.csproj", "{0128E0B9-5B17-4550-BA4F-872197627C4F}"
EndProject
Project("{2150E333-8FDC-42A3-9474-1A3956D46DE8}") = "演習問題", "演習問題", "{517E092F-0805-429E-A899-D1D6B6D97810}"
EndProject
Project("{FAE04EC0-301F-11D3-BF4B-00C04F79EFBC}") = "Exercise01", "Chapter07\演習問題\Exercise01\Exercise01.csproj", "{40784F93-6555-47CE-B247-89983733DEB2}"
EndProject
Project("{FAE04EC0-301F-11D3-BF4B-00C04F79EFBC}") = "Exercise02", "Chapter07\演習問題\Exercise02\Exercise02.csproj", "{72B9C5A5-EF5D-4A5C-92E8-B1676A362744}"
EndProject
Project("{2150E333-8FDC-42A3-9474-1A3956D46DE8}") = "Chapter08", "Chapter08", "{EEBA4EA5-E6B0-4D71-86E7-93373BF44D99}"
EndProject
Project("{2150E333-8FDC-42A3-9474-1A3956D46DE8}") = "演習問題", "演習問題", "{AD19C192-6437-40A7-B287-C452D491A0A9}"
EndProject
Project("{FAE04EC0-301F-11D3-BF4B-00C04F79EFBC}") = "Exercise01", "Chapter08\演習問題\Exercise01\Exercise01.csproj", "{0F3B4977-2E2D-4CFB-9347-C79F3716C228}"
EndProject
Project("{FAE04EC0-301F-11D3-BF4B-00C04F79EFBC}") = "Exercise02", "Chapter08\演習問題\Exercise02\Exercise02.csproj", "{08CD73A5-D3D6-442F-B638-36E157AD80D5}"
EndProject
Project("{FAE04EC0-301F-11D3-BF4B-00C04F79EFBC}") = "Exercise03", "Chapter08\演習問題\Exercise03\Exercise03.csproj", "{813C5156-9912-4703-A3BC-F84B4B306345}"
EndProject
Project("{2150E333-8FDC-42A3-9474-1A3956D46DE8}") = "フォームアプリケーション", "フォームアプリケーション", "{21CBB703-C930-4119-BDD5-BF26BCD49CD7}"
EndProject
Project("{FAE04EC0-301F-11D3-BF4B-00C04F79EFBC}") = "CalendarApp", "Chapter08\フォームアプリケーション\CalendarApp\CalendarApp.csproj", "{CCCE7AA3-F312-447C-A9A8-8BFC400DE2CD}"
EndProject
Project("{2150E333-8FDC-42A3-9474-1A3956D46DE8}") = "FormApps", "FormApps", "{B21AFD7A-4BAA-4844-8010-B9ED6E05A530}"
EndProject
Project("{FAE04EC0-301F-11D3-BF4B-00C04F79EFBC}") = "CarReportSystem", "FormApps\CarReportSystem\CarReportSystem.csproj", "{3A9B1B3D-4764-4B08-91DB-6CF3595FC408}"
EndProject
Project("{2150E333-8FDC-42A3-9474-1A3956D46DE8}") = "Chapter12", "Chapter12", "{716D79E6-9B66-4F14-A2EF-6A2B12A43089}"
EndProject
Project("{2150E333-8FDC-42A3-9474-1A3956D46DE8}") = "演習問題", "演習問題", "{19E3810C-F2B9-4D59-B843-54D2163A5B19}"
EndProject
Project("{FAE04EC0-301F-11D3-BF4B-00C04F79EFBC}") = "Exercise01", "Chapter12\演習問題\Exercise01\Exercise01.csproj", "{245267DF-AE10-4DAC-A0DD-B08D3AA08C83}"
EndProject
Project("{FAE04EC0-301F-11D3-BF4B-00C04F79EFBC}") = "Exercise02", "Chapter12\演習問題\Exercise02\Exercise02.csproj", "{CE06D117-A92F-4BD0-A55F-2BC058B89449}"
EndProject
Project("{2150E333-8FDC-42A3-9474-1A3956D46DE8}") = "Chapter13", "Chapter13", "{A9D2E567-D14A-47AE-8E95-3C78EF5026FF}"
EndProject
Project("{FAE04EC0-301F-11D3-BF4B-00C04F79EFBC}") = "SampleEntityFrameWork", "Chapter13\SampleEntityFrameWork\SampleEntityFrameWork.csproj", "{19B066A4-5C0D-44DA-80EB-6D562FF2231E}"
EndProject
Project("{2150E333-8FDC-42A3-9474-1A3956D46DE8}") = "Chapter14", "Chapter14", "{FB5CE3A1-0108-4981-9697-417D18D59CA6}"
EndProject
Project("{FAE04EC0-301F-11D3-BF4B-00C04F79EFBC}") = "Section01", "Chapter14\Section01\Section01.csproj", "{90057C45-21D4-4109-97A8-DDE82A270EC0}"
EndProject
Project("{FAE04EC0-301F-11D3-BF4B-00C04F79EFBC}") = "Section02", "Chapter14\Section02\Section02.csproj", "{FAE70DAA-18FD-4EAD-8246-95829C42BE5A}"
EndProject
Project("{FAE04EC0-301F-11D3-BF4B-00C04F79EFBC}") = "Section04", "Chapter14\Section04\Section04.csproj", "{8F66EA06-03FB-4296-99A2-BB5E4B575B62}"
EndProject
Project("{FAE04EC0-301F-11D3-BF4B-00C04F79EFBC}") = "RssReader", "FormApps\RssReader\RssReader.csproj", "{3D7BC55B-DD51-4314-9492-B01D8CC35C2A}"
EndProject
Project("{2150E333-8FDC-42A3-9474-1A3956D46DE8}") = "Chapter10", "Chapter10", "{4B47ACF3-D450-4E2E-A7E5-A6BFC425D267}"
EndProject
Project("{FAE04EC0-301F-11D3-BF4B-00C04F79EFBC}") = "Section02", "Chapter10\Section02\Section02.csproj", "{A0BA0E2F-78C3-40E7-8935-B18A79EE71F6}"
EndProject
Project("{FAE04EC0-301F-11D3-BF4B-00C04F79EFBC}") = "Section03", "Chapter10\Section03\Section03.csproj", "{C35C9442-F8A4-45BF-B500-42B20424B9B9}"
EndProject
Project("{2150E333-8FDC-42A3-9474-1A3956D46DE8}") = "演習問題", "演習問題", "{28732B98-1703-4073-A4B8-E6F577DC06D7}"
EndProject
Project("{FAE04EC0-301F-11D3-BF4B-00C04F79EFBC}") = "Exercise01", "Chapter10\演習問題\Exercise01\Exercise01.csproj", "{B2C50BB9-A177-4B0A-8867-BBFC2B5BFFA1}"
EndProject
Project("{FAE04EC0-301F-11D3-BF4B-00C04F79EFBC}") = "Exercise02", "Chapter10\演習問題\Exercise02\Exercise02.csproj", "{8494352A-8272-47D7-8A5E-2F40722EF1B7}"
EndProject
Project("{FAE04EC0-301F-11D3-BF4B-00C04F79EFBC}") = "Exercise03", "Chapter10\演習問題\Exercise03\Exercise03.csproj", "{BCE0A141-9952-4A52-A976-83663DDDD39E}"
EndProject
Global
	GlobalSection(SolutionConfigurationPlatforms) = preSolution
		Debug|Any CPU = Debug|Any CPU
		Release|Any CPU = Release|Any CPU
	EndGlobalSection
	GlobalSection(ProjectConfigurationPlatforms) = postSolution
		{88B5C0BC-02A2-4E8D-96F0-7B5AD471CA05}.Debug|Any CPU.ActiveCfg = Debug|Any CPU
		{88B5C0BC-02A2-4E8D-96F0-7B5AD471CA05}.Debug|Any CPU.Build.0 = Debug|Any CPU
		{88B5C0BC-02A2-4E8D-96F0-7B5AD471CA05}.Release|Any CPU.ActiveCfg = Release|Any CPU
		{88B5C0BC-02A2-4E8D-96F0-7B5AD471CA05}.Release|Any CPU.Build.0 = Release|Any CPU
		{9C49B645-5E3A-4CFA-9976-6A84AC4A3B82}.Debug|Any CPU.ActiveCfg = Debug|Any CPU
		{9C49B645-5E3A-4CFA-9976-6A84AC4A3B82}.Debug|Any CPU.Build.0 = Debug|Any CPU
		{9C49B645-5E3A-4CFA-9976-6A84AC4A3B82}.Release|Any CPU.ActiveCfg = Release|Any CPU
		{9C49B645-5E3A-4CFA-9976-6A84AC4A3B82}.Release|Any CPU.Build.0 = Release|Any CPU
		{6E12030E-606E-4949-BFAC-5A5A1F94E75E}.Debug|Any CPU.ActiveCfg = Debug|Any CPU
		{6E12030E-606E-4949-BFAC-5A5A1F94E75E}.Debug|Any CPU.Build.0 = Debug|Any CPU
		{6E12030E-606E-4949-BFAC-5A5A1F94E75E}.Release|Any CPU.ActiveCfg = Release|Any CPU
		{6E12030E-606E-4949-BFAC-5A5A1F94E75E}.Release|Any CPU.Build.0 = Release|Any CPU
		{30B3724D-8CBF-432F-9562-07D836D0EFFB}.Debug|Any CPU.ActiveCfg = Debug|Any CPU
		{30B3724D-8CBF-432F-9562-07D836D0EFFB}.Debug|Any CPU.Build.0 = Debug|Any CPU
		{30B3724D-8CBF-432F-9562-07D836D0EFFB}.Release|Any CPU.ActiveCfg = Release|Any CPU
		{30B3724D-8CBF-432F-9562-07D836D0EFFB}.Release|Any CPU.Build.0 = Release|Any CPU
		{9CC7C3AA-034B-43B0-98FD-C6D3EE3797F6}.Debug|Any CPU.ActiveCfg = Debug|Any CPU
		{9CC7C3AA-034B-43B0-98FD-C6D3EE3797F6}.Debug|Any CPU.Build.0 = Debug|Any CPU
		{9CC7C3AA-034B-43B0-98FD-C6D3EE3797F6}.Release|Any CPU.ActiveCfg = Release|Any CPU
		{9CC7C3AA-034B-43B0-98FD-C6D3EE3797F6}.Release|Any CPU.Build.0 = Release|Any CPU
		{5CBCD75D-6805-4E92-A5AD-C20FC20EFA8C}.Debug|Any CPU.ActiveCfg = Debug|Any CPU
		{5CBCD75D-6805-4E92-A5AD-C20FC20EFA8C}.Debug|Any CPU.Build.0 = Debug|Any CPU
		{5CBCD75D-6805-4E92-A5AD-C20FC20EFA8C}.Release|Any CPU.ActiveCfg = Release|Any CPU
		{5CBCD75D-6805-4E92-A5AD-C20FC20EFA8C}.Release|Any CPU.Build.0 = Release|Any CPU
		{CA74FB26-2BEB-4DC9-94FC-2E49A208AF7B}.Debug|Any CPU.ActiveCfg = Debug|Any CPU
		{CA74FB26-2BEB-4DC9-94FC-2E49A208AF7B}.Debug|Any CPU.Build.0 = Debug|Any CPU
		{CA74FB26-2BEB-4DC9-94FC-2E49A208AF7B}.Release|Any CPU.ActiveCfg = Release|Any CPU
		{CA74FB26-2BEB-4DC9-94FC-2E49A208AF7B}.Release|Any CPU.Build.0 = Release|Any CPU
		{BE2834C6-EBC9-442D-854F-FB1425B2665D}.Debug|Any CPU.ActiveCfg = Debug|Any CPU
		{BE2834C6-EBC9-442D-854F-FB1425B2665D}.Debug|Any CPU.Build.0 = Debug|Any CPU
		{BE2834C6-EBC9-442D-854F-FB1425B2665D}.Release|Any CPU.ActiveCfg = Release|Any CPU
		{BE2834C6-EBC9-442D-854F-FB1425B2665D}.Release|Any CPU.Build.0 = Release|Any CPU
		{33EB0A7B-7C8A-4F9E-A4D7-1ED46AD3362E}.Debug|Any CPU.ActiveCfg = Debug|Any CPU
		{33EB0A7B-7C8A-4F9E-A4D7-1ED46AD3362E}.Debug|Any CPU.Build.0 = Debug|Any CPU
		{33EB0A7B-7C8A-4F9E-A4D7-1ED46AD3362E}.Release|Any CPU.ActiveCfg = Release|Any CPU
		{33EB0A7B-7C8A-4F9E-A4D7-1ED46AD3362E}.Release|Any CPU.Build.0 = Release|Any CPU
		{BB8DB885-EB54-4BAB-BF75-2ECBC05E9DAD}.Debug|Any CPU.ActiveCfg = Debug|Any CPU
		{BB8DB885-EB54-4BAB-BF75-2ECBC05E9DAD}.Debug|Any CPU.Build.0 = Debug|Any CPU
		{BB8DB885-EB54-4BAB-BF75-2ECBC05E9DAD}.Release|Any CPU.ActiveCfg = Release|Any CPU
		{BB8DB885-EB54-4BAB-BF75-2ECBC05E9DAD}.Release|Any CPU.Build.0 = Release|Any CPU
		{62F5F0F5-A622-490E-A47C-CCA2939B8ECB}.Debug|Any CPU.ActiveCfg = Debug|Any CPU
		{62F5F0F5-A622-490E-A47C-CCA2939B8ECB}.Debug|Any CPU.Build.0 = Debug|Any CPU
		{62F5F0F5-A622-490E-A47C-CCA2939B8ECB}.Release|Any CPU.ActiveCfg = Release|Any CPU
		{62F5F0F5-A622-490E-A47C-CCA2939B8ECB}.Release|Any CPU.Build.0 = Release|Any CPU
		{240460C0-D5D5-4FD5-8CBF-882DAC726495}.Debug|Any CPU.ActiveCfg = Debug|Any CPU
		{240460C0-D5D5-4FD5-8CBF-882DAC726495}.Debug|Any CPU.Build.0 = Debug|Any CPU
		{240460C0-D5D5-4FD5-8CBF-882DAC726495}.Release|Any CPU.ActiveCfg = Release|Any CPU
		{240460C0-D5D5-4FD5-8CBF-882DAC726495}.Release|Any CPU.Build.0 = Release|Any CPU
		{318FC716-99B0-4CC9-B61B-53F4B701F78B}.Debug|Any CPU.ActiveCfg = Debug|Any CPU
		{318FC716-99B0-4CC9-B61B-53F4B701F78B}.Debug|Any CPU.Build.0 = Debug|Any CPU
		{318FC716-99B0-4CC9-B61B-53F4B701F78B}.Release|Any CPU.ActiveCfg = Release|Any CPU
		{318FC716-99B0-4CC9-B61B-53F4B701F78B}.Release|Any CPU.Build.0 = Release|Any CPU
		{5F5A84A8-DC66-48DB-B2B7-D2D16A133F8A}.Debug|Any CPU.ActiveCfg = Debug|Any CPU
		{5F5A84A8-DC66-48DB-B2B7-D2D16A133F8A}.Debug|Any CPU.Build.0 = Debug|Any CPU
		{5F5A84A8-DC66-48DB-B2B7-D2D16A133F8A}.Release|Any CPU.ActiveCfg = Release|Any CPU
		{5F5A84A8-DC66-48DB-B2B7-D2D16A133F8A}.Release|Any CPU.Build.0 = Release|Any CPU
		{1D383076-48A7-4853-B163-099BC1DD13F0}.Debug|Any CPU.ActiveCfg = Debug|Any CPU
		{1D383076-48A7-4853-B163-099BC1DD13F0}.Debug|Any CPU.Build.0 = Debug|Any CPU
		{1D383076-48A7-4853-B163-099BC1DD13F0}.Release|Any CPU.ActiveCfg = Release|Any CPU
		{1D383076-48A7-4853-B163-099BC1DD13F0}.Release|Any CPU.Build.0 = Release|Any CPU
		{73305226-69FD-4C3A-8524-6DAE1380EBF1}.Debug|Any CPU.ActiveCfg = Debug|Any CPU
		{73305226-69FD-4C3A-8524-6DAE1380EBF1}.Debug|Any CPU.Build.0 = Debug|Any CPU
		{73305226-69FD-4C3A-8524-6DAE1380EBF1}.Release|Any CPU.ActiveCfg = Release|Any CPU
		{73305226-69FD-4C3A-8524-6DAE1380EBF1}.Release|Any CPU.Build.0 = Release|Any CPU
		{DE6146A9-9668-44BF-B171-C6579E12FF73}.Debug|Any CPU.ActiveCfg = Debug|Any CPU
		{DE6146A9-9668-44BF-B171-C6579E12FF73}.Debug|Any CPU.Build.0 = Debug|Any CPU
		{DE6146A9-9668-44BF-B171-C6579E12FF73}.Release|Any CPU.ActiveCfg = Release|Any CPU
		{DE6146A9-9668-44BF-B171-C6579E12FF73}.Release|Any CPU.Build.0 = Release|Any CPU
		{B2CC3F4C-D168-45FF-BFC5-290332B56493}.Debug|Any CPU.ActiveCfg = Debug|Any CPU
		{B2CC3F4C-D168-45FF-BFC5-290332B56493}.Debug|Any CPU.Build.0 = Debug|Any CPU
		{B2CC3F4C-D168-45FF-BFC5-290332B56493}.Release|Any CPU.ActiveCfg = Release|Any CPU
		{B2CC3F4C-D168-45FF-BFC5-290332B56493}.Release|Any CPU.Build.0 = Release|Any CPU
		{0E6C2109-5769-436A-B1FC-B9C10AF9EF12}.Debug|Any CPU.ActiveCfg = Debug|Any CPU
		{0E6C2109-5769-436A-B1FC-B9C10AF9EF12}.Debug|Any CPU.Build.0 = Debug|Any CPU
		{0E6C2109-5769-436A-B1FC-B9C10AF9EF12}.Release|Any CPU.ActiveCfg = Release|Any CPU
		{0E6C2109-5769-436A-B1FC-B9C10AF9EF12}.Release|Any CPU.Build.0 = Release|Any CPU
		{958F9552-351D-4E91-A107-C6765322FEA8}.Debug|Any CPU.ActiveCfg = Debug|Any CPU
		{958F9552-351D-4E91-A107-C6765322FEA8}.Debug|Any CPU.Build.0 = Debug|Any CPU
		{958F9552-351D-4E91-A107-C6765322FEA8}.Release|Any CPU.ActiveCfg = Release|Any CPU
		{958F9552-351D-4E91-A107-C6765322FEA8}.Release|Any CPU.Build.0 = Release|Any CPU
		{18FF165D-A345-4C19-91E5-19927A31DF77}.Debug|Any CPU.ActiveCfg = Debug|Any CPU
		{18FF165D-A345-4C19-91E5-19927A31DF77}.Debug|Any CPU.Build.0 = Debug|Any CPU
		{18FF165D-A345-4C19-91E5-19927A31DF77}.Release|Any CPU.ActiveCfg = Release|Any CPU
		{18FF165D-A345-4C19-91E5-19927A31DF77}.Release|Any CPU.Build.0 = Release|Any CPU
		{9A24A321-2A90-4B6C-B0EF-2711BE90D49A}.Debug|Any CPU.ActiveCfg = Debug|Any CPU
		{9A24A321-2A90-4B6C-B0EF-2711BE90D49A}.Debug|Any CPU.Build.0 = Debug|Any CPU
		{9A24A321-2A90-4B6C-B0EF-2711BE90D49A}.Release|Any CPU.ActiveCfg = Release|Any CPU
		{9A24A321-2A90-4B6C-B0EF-2711BE90D49A}.Release|Any CPU.Build.0 = Release|Any CPU
		{C3795984-3E25-4C4D-83D0-CE4B6D8B3223}.Debug|Any CPU.ActiveCfg = Debug|Any CPU
		{C3795984-3E25-4C4D-83D0-CE4B6D8B3223}.Debug|Any CPU.Build.0 = Debug|Any CPU
		{C3795984-3E25-4C4D-83D0-CE4B6D8B3223}.Release|Any CPU.ActiveCfg = Release|Any CPU
		{C3795984-3E25-4C4D-83D0-CE4B6D8B3223}.Release|Any CPU.Build.0 = Release|Any CPU
		{F9C9E1E9-D3C6-4DD2-AE41-5F7D94A9ECD0}.Debug|Any CPU.ActiveCfg = Debug|Any CPU
		{F9C9E1E9-D3C6-4DD2-AE41-5F7D94A9ECD0}.Debug|Any CPU.Build.0 = Debug|Any CPU
		{F9C9E1E9-D3C6-4DD2-AE41-5F7D94A9ECD0}.Release|Any CPU.ActiveCfg = Release|Any CPU
		{F9C9E1E9-D3C6-4DD2-AE41-5F7D94A9ECD0}.Release|Any CPU.Build.0 = Release|Any CPU
		{1DEF9F41-5E9E-40F9-8EE6-6FC3C479F6D2}.Debug|Any CPU.ActiveCfg = Debug|Any CPU
		{1DEF9F41-5E9E-40F9-8EE6-6FC3C479F6D2}.Debug|Any CPU.Build.0 = Debug|Any CPU
		{1DEF9F41-5E9E-40F9-8EE6-6FC3C479F6D2}.Release|Any CPU.ActiveCfg = Release|Any CPU
		{1DEF9F41-5E9E-40F9-8EE6-6FC3C479F6D2}.Release|Any CPU.Build.0 = Release|Any CPU
		{90685954-7758-423C-95D7-1632451414D2}.Debug|Any CPU.ActiveCfg = Debug|Any CPU
		{90685954-7758-423C-95D7-1632451414D2}.Debug|Any CPU.Build.0 = Debug|Any CPU
		{90685954-7758-423C-95D7-1632451414D2}.Release|Any CPU.ActiveCfg = Release|Any CPU
		{90685954-7758-423C-95D7-1632451414D2}.Release|Any CPU.Build.0 = Release|Any CPU
		{2BFACDC3-F44D-4199-8498-F5C3C4AC0335}.Debug|Any CPU.ActiveCfg = Debug|Any CPU
		{2BFACDC3-F44D-4199-8498-F5C3C4AC0335}.Debug|Any CPU.Build.0 = Debug|Any CPU
		{2BFACDC3-F44D-4199-8498-F5C3C4AC0335}.Release|Any CPU.ActiveCfg = Release|Any CPU
		{2BFACDC3-F44D-4199-8498-F5C3C4AC0335}.Release|Any CPU.Build.0 = Release|Any CPU
		{E461C0A8-8900-485C-B520-E929BA33F712}.Debug|Any CPU.ActiveCfg = Debug|Any CPU
		{E461C0A8-8900-485C-B520-E929BA33F712}.Debug|Any CPU.Build.0 = Debug|Any CPU
		{E461C0A8-8900-485C-B520-E929BA33F712}.Release|Any CPU.ActiveCfg = Release|Any CPU
		{E461C0A8-8900-485C-B520-E929BA33F712}.Release|Any CPU.Build.0 = Release|Any CPU
		{AFD97A43-FBE3-43F6-9909-F69ED4E76C30}.Debug|Any CPU.ActiveCfg = Debug|Any CPU
		{AFD97A43-FBE3-43F6-9909-F69ED4E76C30}.Debug|Any CPU.Build.0 = Debug|Any CPU
		{AFD97A43-FBE3-43F6-9909-F69ED4E76C30}.Release|Any CPU.ActiveCfg = Release|Any CPU
		{AFD97A43-FBE3-43F6-9909-F69ED4E76C30}.Release|Any CPU.Build.0 = Release|Any CPU
		{098A4B1C-3E3E-4717-B5BB-DE28A1E665FB}.Debug|Any CPU.ActiveCfg = Debug|Any CPU
		{098A4B1C-3E3E-4717-B5BB-DE28A1E665FB}.Debug|Any CPU.Build.0 = Debug|Any CPU
		{098A4B1C-3E3E-4717-B5BB-DE28A1E665FB}.Release|Any CPU.ActiveCfg = Release|Any CPU
		{098A4B1C-3E3E-4717-B5BB-DE28A1E665FB}.Release|Any CPU.Build.0 = Release|Any CPU
		{0128E0B9-5B17-4550-BA4F-872197627C4F}.Debug|Any CPU.ActiveCfg = Debug|Any CPU
		{0128E0B9-5B17-4550-BA4F-872197627C4F}.Debug|Any CPU.Build.0 = Debug|Any CPU
		{0128E0B9-5B17-4550-BA4F-872197627C4F}.Release|Any CPU.ActiveCfg = Release|Any CPU
		{0128E0B9-5B17-4550-BA4F-872197627C4F}.Release|Any CPU.Build.0 = Release|Any CPU
		{40784F93-6555-47CE-B247-89983733DEB2}.Debug|Any CPU.ActiveCfg = Debug|Any CPU
		{40784F93-6555-47CE-B247-89983733DEB2}.Debug|Any CPU.Build.0 = Debug|Any CPU
		{40784F93-6555-47CE-B247-89983733DEB2}.Release|Any CPU.ActiveCfg = Release|Any CPU
		{40784F93-6555-47CE-B247-89983733DEB2}.Release|Any CPU.Build.0 = Release|Any CPU
		{72B9C5A5-EF5D-4A5C-92E8-B1676A362744}.Debug|Any CPU.ActiveCfg = Debug|Any CPU
		{72B9C5A5-EF5D-4A5C-92E8-B1676A362744}.Debug|Any CPU.Build.0 = Debug|Any CPU
		{72B9C5A5-EF5D-4A5C-92E8-B1676A362744}.Release|Any CPU.ActiveCfg = Release|Any CPU
		{72B9C5A5-EF5D-4A5C-92E8-B1676A362744}.Release|Any CPU.Build.0 = Release|Any CPU
		{0F3B4977-2E2D-4CFB-9347-C79F3716C228}.Debug|Any CPU.ActiveCfg = Debug|Any CPU
		{0F3B4977-2E2D-4CFB-9347-C79F3716C228}.Debug|Any CPU.Build.0 = Debug|Any CPU
		{0F3B4977-2E2D-4CFB-9347-C79F3716C228}.Release|Any CPU.ActiveCfg = Release|Any CPU
		{0F3B4977-2E2D-4CFB-9347-C79F3716C228}.Release|Any CPU.Build.0 = Release|Any CPU
		{08CD73A5-D3D6-442F-B638-36E157AD80D5}.Debug|Any CPU.ActiveCfg = Debug|Any CPU
		{08CD73A5-D3D6-442F-B638-36E157AD80D5}.Debug|Any CPU.Build.0 = Debug|Any CPU
		{08CD73A5-D3D6-442F-B638-36E157AD80D5}.Release|Any CPU.ActiveCfg = Release|Any CPU
		{08CD73A5-D3D6-442F-B638-36E157AD80D5}.Release|Any CPU.Build.0 = Release|Any CPU
		{813C5156-9912-4703-A3BC-F84B4B306345}.Debug|Any CPU.ActiveCfg = Debug|Any CPU
		{813C5156-9912-4703-A3BC-F84B4B306345}.Debug|Any CPU.Build.0 = Debug|Any CPU
		{813C5156-9912-4703-A3BC-F84B4B306345}.Release|Any CPU.ActiveCfg = Release|Any CPU
		{813C5156-9912-4703-A3BC-F84B4B306345}.Release|Any CPU.Build.0 = Release|Any CPU
		{CCCE7AA3-F312-447C-A9A8-8BFC400DE2CD}.Debug|Any CPU.ActiveCfg = Debug|Any CPU
		{CCCE7AA3-F312-447C-A9A8-8BFC400DE2CD}.Debug|Any CPU.Build.0 = Debug|Any CPU
		{CCCE7AA3-F312-447C-A9A8-8BFC400DE2CD}.Release|Any CPU.ActiveCfg = Release|Any CPU
		{CCCE7AA3-F312-447C-A9A8-8BFC400DE2CD}.Release|Any CPU.Build.0 = Release|Any CPU
		{3A9B1B3D-4764-4B08-91DB-6CF3595FC408}.Debug|Any CPU.ActiveCfg = Debug|Any CPU
		{3A9B1B3D-4764-4B08-91DB-6CF3595FC408}.Debug|Any CPU.Build.0 = Debug|Any CPU
		{3A9B1B3D-4764-4B08-91DB-6CF3595FC408}.Release|Any CPU.ActiveCfg = Release|Any CPU
		{3A9B1B3D-4764-4B08-91DB-6CF3595FC408}.Release|Any CPU.Build.0 = Release|Any CPU
		{245267DF-AE10-4DAC-A0DD-B08D3AA08C83}.Debug|Any CPU.ActiveCfg = Debug|Any CPU
		{245267DF-AE10-4DAC-A0DD-B08D3AA08C83}.Debug|Any CPU.Build.0 = Debug|Any CPU
		{245267DF-AE10-4DAC-A0DD-B08D3AA08C83}.Release|Any CPU.ActiveCfg = Release|Any CPU
		{245267DF-AE10-4DAC-A0DD-B08D3AA08C83}.Release|Any CPU.Build.0 = Release|Any CPU
		{CE06D117-A92F-4BD0-A55F-2BC058B89449}.Debug|Any CPU.ActiveCfg = Debug|Any CPU
		{CE06D117-A92F-4BD0-A55F-2BC058B89449}.Debug|Any CPU.Build.0 = Debug|Any CPU
		{CE06D117-A92F-4BD0-A55F-2BC058B89449}.Release|Any CPU.ActiveCfg = Release|Any CPU
		{CE06D117-A92F-4BD0-A55F-2BC058B89449}.Release|Any CPU.Build.0 = Release|Any CPU
		{19B066A4-5C0D-44DA-80EB-6D562FF2231E}.Debug|Any CPU.ActiveCfg = Debug|Any CPU
		{19B066A4-5C0D-44DA-80EB-6D562FF2231E}.Debug|Any CPU.Build.0 = Debug|Any CPU
		{19B066A4-5C0D-44DA-80EB-6D562FF2231E}.Release|Any CPU.ActiveCfg = Release|Any CPU
		{19B066A4-5C0D-44DA-80EB-6D562FF2231E}.Release|Any CPU.Build.0 = Release|Any CPU
		{90057C45-21D4-4109-97A8-DDE82A270EC0}.Debug|Any CPU.ActiveCfg = Debug|Any CPU
		{90057C45-21D4-4109-97A8-DDE82A270EC0}.Debug|Any CPU.Build.0 = Debug|Any CPU
		{90057C45-21D4-4109-97A8-DDE82A270EC0}.Release|Any CPU.ActiveCfg = Release|Any CPU
		{90057C45-21D4-4109-97A8-DDE82A270EC0}.Release|Any CPU.Build.0 = Release|Any CPU
		{FAE70DAA-18FD-4EAD-8246-95829C42BE5A}.Debug|Any CPU.ActiveCfg = Debug|Any CPU
		{FAE70DAA-18FD-4EAD-8246-95829C42BE5A}.Debug|Any CPU.Build.0 = Debug|Any CPU
		{FAE70DAA-18FD-4EAD-8246-95829C42BE5A}.Release|Any CPU.ActiveCfg = Release|Any CPU
		{FAE70DAA-18FD-4EAD-8246-95829C42BE5A}.Release|Any CPU.Build.0 = Release|Any CPU
		{8F66EA06-03FB-4296-99A2-BB5E4B575B62}.Debug|Any CPU.ActiveCfg = Debug|Any CPU
		{8F66EA06-03FB-4296-99A2-BB5E4B575B62}.Debug|Any CPU.Build.0 = Debug|Any CPU
		{8F66EA06-03FB-4296-99A2-BB5E4B575B62}.Release|Any CPU.ActiveCfg = Release|Any CPU
		{8F66EA06-03FB-4296-99A2-BB5E4B575B62}.Release|Any CPU.Build.0 = Release|Any CPU
		{3D7BC55B-DD51-4314-9492-B01D8CC35C2A}.Debug|Any CPU.ActiveCfg = Debug|Any CPU
		{3D7BC55B-DD51-4314-9492-B01D8CC35C2A}.Debug|Any CPU.Build.0 = Debug|Any CPU
		{3D7BC55B-DD51-4314-9492-B01D8CC35C2A}.Release|Any CPU.ActiveCfg = Release|Any CPU
		{3D7BC55B-DD51-4314-9492-B01D8CC35C2A}.Release|Any CPU.Build.0 = Release|Any CPU
		{A0BA0E2F-78C3-40E7-8935-B18A79EE71F6}.Debug|Any CPU.ActiveCfg = Debug|Any CPU
		{A0BA0E2F-78C3-40E7-8935-B18A79EE71F6}.Debug|Any CPU.Build.0 = Debug|Any CPU
		{A0BA0E2F-78C3-40E7-8935-B18A79EE71F6}.Release|Any CPU.ActiveCfg = Release|Any CPU
		{A0BA0E2F-78C3-40E7-8935-B18A79EE71F6}.Release|Any CPU.Build.0 = Release|Any CPU
		{C35C9442-F8A4-45BF-B500-42B20424B9B9}.Debug|Any CPU.ActiveCfg = Debug|Any CPU
		{C35C9442-F8A4-45BF-B500-42B20424B9B9}.Debug|Any CPU.Build.0 = Debug|Any CPU
		{C35C9442-F8A4-45BF-B500-42B20424B9B9}.Release|Any CPU.ActiveCfg = Release|Any CPU
		{C35C9442-F8A4-45BF-B500-42B20424B9B9}.Release|Any CPU.Build.0 = Release|Any CPU
		{B2C50BB9-A177-4B0A-8867-BBFC2B5BFFA1}.Debug|Any CPU.ActiveCfg = Debug|Any CPU
		{B2C50BB9-A177-4B0A-8867-BBFC2B5BFFA1}.Debug|Any CPU.Build.0 = Debug|Any CPU
		{B2C50BB9-A177-4B0A-8867-BBFC2B5BFFA1}.Release|Any CPU.ActiveCfg = Release|Any CPU
		{B2C50BB9-A177-4B0A-8867-BBFC2B5BFFA1}.Release|Any CPU.Build.0 = Release|Any CPU
		{8494352A-8272-47D7-8A5E-2F40722EF1B7}.Debug|Any CPU.ActiveCfg = Debug|Any CPU
		{8494352A-8272-47D7-8A5E-2F40722EF1B7}.Debug|Any CPU.Build.0 = Debug|Any CPU
		{8494352A-8272-47D7-8A5E-2F40722EF1B7}.Release|Any CPU.ActiveCfg = Release|Any CPU
		{8494352A-8272-47D7-8A5E-2F40722EF1B7}.Release|Any CPU.Build.0 = Release|Any CPU
		{BCE0A141-9952-4A52-A976-83663DDDD39E}.Debug|Any CPU.ActiveCfg = Debug|Any CPU
		{BCE0A141-9952-4A52-A976-83663DDDD39E}.Debug|Any CPU.Build.0 = Debug|Any CPU
		{BCE0A141-9952-4A52-A976-83663DDDD39E}.Release|Any CPU.ActiveCfg = Release|Any CPU
		{BCE0A141-9952-4A52-A976-83663DDDD39E}.Release|Any CPU.Build.0 = Release|Any CPU
	EndGlobalSection
	GlobalSection(SolutionProperties) = preSolution
		HideSolutionNode = FALSE
	EndGlobalSection
	GlobalSection(NestedProjects) = preSolution
		{88B5C0BC-02A2-4E8D-96F0-7B5AD471CA05} = {91F917DA-1C04-4D1D-8640-9133CC41C1C7}
		{9C49B645-5E3A-4CFA-9976-6A84AC4A3B82} = {91F917DA-1C04-4D1D-8640-9133CC41C1C7}
		{6E12030E-606E-4949-BFAC-5A5A1F94E75E} = {91F917DA-1C04-4D1D-8640-9133CC41C1C7}
		{30B3724D-8CBF-432F-9562-07D836D0EFFB} = {05769158-15FB-4EB2-9C47-1B9D0417FBFB}
		{4C2536FF-DE6D-44B2-95F1-CAE38ECFB269} = {FBE34CD2-CD0F-428E-84A0-191CD377E189}
		{9CC7C3AA-034B-43B0-98FD-C6D3EE3797F6} = {4C2536FF-DE6D-44B2-95F1-CAE38ECFB269}
		{B1C4131C-4728-4E80-850B-40D611E298AE} = {FBE34CD2-CD0F-428E-84A0-191CD377E189}
		{5CBCD75D-6805-4E92-A5AD-C20FC20EFA8C} = {B1C4131C-4728-4E80-850B-40D611E298AE}
		{A8902DEB-B9FE-4CA1-B85A-2CBC0A56E1C9} = {FBE34CD2-CD0F-428E-84A0-191CD377E189}
		{CA74FB26-2BEB-4DC9-94FC-2E49A208AF7B} = {A8902DEB-B9FE-4CA1-B85A-2CBC0A56E1C9}
		{BE2834C6-EBC9-442D-854F-FB1425B2665D} = {A8902DEB-B9FE-4CA1-B85A-2CBC0A56E1C9}
		{33EB0A7B-7C8A-4F9E-A4D7-1ED46AD3362E} = {A8902DEB-B9FE-4CA1-B85A-2CBC0A56E1C9}
		{BB8DB885-EB54-4BAB-BF75-2ECBC05E9DAD} = {31D1DBDF-B44B-4052-AC44-7A475A2481ED}
		{62F5F0F5-A622-490E-A47C-CCA2939B8ECB} = {31D1DBDF-B44B-4052-AC44-7A475A2481ED}
		{240460C0-D5D5-4FD5-8CBF-882DAC726495} = {31D1DBDF-B44B-4052-AC44-7A475A2481ED}
		{606481A5-2BC6-462D-951A-4D8954262D0D} = {31D1DBDF-B44B-4052-AC44-7A475A2481ED}
		{318FC716-99B0-4CC9-B61B-53F4B701F78B} = {606481A5-2BC6-462D-951A-4D8954262D0D}
		{5F5A84A8-DC66-48DB-B2B7-D2D16A133F8A} = {606481A5-2BC6-462D-951A-4D8954262D0D}
		{E594DF0A-B941-412F-A637-ED70BD1EEBE1} = {B927E973-CDA4-4C60-8E35-73090BD9B939}
		{1D383076-48A7-4853-B163-099BC1DD13F0} = {E594DF0A-B941-412F-A637-ED70BD1EEBE1}
		{FAF3C44C-5068-48DE-89D8-061CD07C6AB4} = {B927E973-CDA4-4C60-8E35-73090BD9B939}
		{73305226-69FD-4C3A-8524-6DAE1380EBF1} = {FAF3C44C-5068-48DE-89D8-061CD07C6AB4}
		{3495CEE7-2D63-4D87-98D9-54DA97E1CC9B} = {B927E973-CDA4-4C60-8E35-73090BD9B939}
		{DE6146A9-9668-44BF-B171-C6579E12FF73} = {3495CEE7-2D63-4D87-98D9-54DA97E1CC9B}
		{B2CC3F4C-D168-45FF-BFC5-290332B56493} = {3495CEE7-2D63-4D87-98D9-54DA97E1CC9B}
		{6EA0E183-7E57-454E-85B6-39078D95F2BD} = {B9B0B839-94C7-42CB-9DF3-9A6656A4FBB8}
		{0E6C2109-5769-436A-B1FC-B9C10AF9EF12} = {6EA0E183-7E57-454E-85B6-39078D95F2BD}
		{958F9552-351D-4E91-A107-C6765322FEA8} = {6EA0E183-7E57-454E-85B6-39078D95F2BD}
		{18FF165D-A345-4C19-91E5-19927A31DF77} = {6EA0E183-7E57-454E-85B6-39078D95F2BD}
		{9A24A321-2A90-4B6C-B0EF-2711BE90D49A} = {6EA0E183-7E57-454E-85B6-39078D95F2BD}
		{C3795984-3E25-4C4D-83D0-CE4B6D8B3223} = {A87E4509-E231-4101-9FC1-ABEBC939A119}
		{F9C9E1E9-D3C6-4DD2-AE41-5F7D94A9ECD0} = {A87E4509-E231-4101-9FC1-ABEBC939A119}
		{B752A7D3-D48D-4E58-9719-63FA6F17A105} = {A87E4509-E231-4101-9FC1-ABEBC939A119}
		{1DEF9F41-5E9E-40F9-8EE6-6FC3C479F6D2} = {B752A7D3-D48D-4E58-9719-63FA6F17A105}
		{90685954-7758-423C-95D7-1632451414D2} = {B752A7D3-D48D-4E58-9719-63FA6F17A105}
		{2BFACDC3-F44D-4199-8498-F5C3C4AC0335} = {A41FD10E-9651-41A3-8339-19F69BDF8E5B}
		{E461C0A8-8900-485C-B520-E929BA33F712} = {A41FD10E-9651-41A3-8339-19F69BDF8E5B}
		{AFD97A43-FBE3-43F6-9909-F69ED4E76C30} = {2AD4F02A-2D50-4F21-8751-6FFDB4D9676F}
		{098A4B1C-3E3E-4717-B5BB-DE28A1E665FB} = {2AD4F02A-2D50-4F21-8751-6FFDB4D9676F}
		{0128E0B9-5B17-4550-BA4F-872197627C4F} = {2AD4F02A-2D50-4F21-8751-6FFDB4D9676F}
		{517E092F-0805-429E-A899-D1D6B6D97810} = {2AD4F02A-2D50-4F21-8751-6FFDB4D9676F}
		{40784F93-6555-47CE-B247-89983733DEB2} = {517E092F-0805-429E-A899-D1D6B6D97810}
		{72B9C5A5-EF5D-4A5C-92E8-B1676A362744} = {517E092F-0805-429E-A899-D1D6B6D97810}
		{AD19C192-6437-40A7-B287-C452D491A0A9} = {EEBA4EA5-E6B0-4D71-86E7-93373BF44D99}
		{0F3B4977-2E2D-4CFB-9347-C79F3716C228} = {AD19C192-6437-40A7-B287-C452D491A0A9}
		{08CD73A5-D3D6-442F-B638-36E157AD80D5} = {AD19C192-6437-40A7-B287-C452D491A0A9}
		{813C5156-9912-4703-A3BC-F84B4B306345} = {AD19C192-6437-40A7-B287-C452D491A0A9}
		{21CBB703-C930-4119-BDD5-BF26BCD49CD7} = {EEBA4EA5-E6B0-4D71-86E7-93373BF44D99}
		{CCCE7AA3-F312-447C-A9A8-8BFC400DE2CD} = {21CBB703-C930-4119-BDD5-BF26BCD49CD7}
		{3A9B1B3D-4764-4B08-91DB-6CF3595FC408} = {B21AFD7A-4BAA-4844-8010-B9ED6E05A530}
		{19E3810C-F2B9-4D59-B843-54D2163A5B19} = {716D79E6-9B66-4F14-A2EF-6A2B12A43089}
		{245267DF-AE10-4DAC-A0DD-B08D3AA08C83} = {19E3810C-F2B9-4D59-B843-54D2163A5B19}
		{CE06D117-A92F-4BD0-A55F-2BC058B89449} = {19E3810C-F2B9-4D59-B843-54D2163A5B19}
		{19B066A4-5C0D-44DA-80EB-6D562FF2231E} = {A9D2E567-D14A-47AE-8E95-3C78EF5026FF}
		{90057C45-21D4-4109-97A8-DDE82A270EC0} = {FB5CE3A1-0108-4981-9697-417D18D59CA6}
		{FAE70DAA-18FD-4EAD-8246-95829C42BE5A} = {FB5CE3A1-0108-4981-9697-417D18D59CA6}
		{8F66EA06-03FB-4296-99A2-BB5E4B575B62} = {FB5CE3A1-0108-4981-9697-417D18D59CA6}
		{3D7BC55B-DD51-4314-9492-B01D8CC35C2A} = {B21AFD7A-4BAA-4844-8010-B9ED6E05A530}
		{A0BA0E2F-78C3-40E7-8935-B18A79EE71F6} = {4B47ACF3-D450-4E2E-A7E5-A6BFC425D267}
		{C35C9442-F8A4-45BF-B500-42B20424B9B9} = {4B47ACF3-D450-4E2E-A7E5-A6BFC425D267}
		{28732B98-1703-4073-A4B8-E6F577DC06D7} = {4B47ACF3-D450-4E2E-A7E5-A6BFC425D267}
		{B2C50BB9-A177-4B0A-8867-BBFC2B5BFFA1} = {28732B98-1703-4073-A4B8-E6F577DC06D7}
		{8494352A-8272-47D7-8A5E-2F40722EF1B7} = {28732B98-1703-4073-A4B8-E6F577DC06D7}
		{BCE0A141-9952-4A52-A976-83663DDDD39E} = {28732B98-1703-4073-A4B8-E6F577DC06D7}
	EndGlobalSection
	GlobalSection(ExtensibilityGlobals) = postSolution
		SolutionGuid = {E57239BC-60F6-4414-A679-C3694E019D15}
	EndGlobalSection
EndGlobal
